// !$*UTF8*$!
{
	archiveVersion = 1;
	classes = {
	};
	objectVersion = 50;
	objects = {

/* Begin PBXBuildFile section */
		624992072955AA320054F405 /* validateFunction.swift in Sources */ = {isa = PBXBuildFile; fileRef = 624992062955AA320054F405 /* validateFunction.swift */; };
		6249920B2955ED820054F405 /* gameCheckFunction.swift in Sources */ = {isa = PBXBuildFile; fileRef = 6249920A2955ED820054F405 /* gameCheckFunction.swift */; };
		6249920D2955F0CB0054F405 /* userInputFunction.swift in Sources */ = {isa = PBXBuildFile; fileRef = 6249920C2955F0CB0054F405 /* userInputFunction.swift */; };
		C7A29CFC2551372B00CAC77A /* main.swift in Sources */ = {isa = PBXBuildFile; fileRef = C7A29CFB2551372B00CAC77A /* main.swift */; };
/* End PBXBuildFile section */

/* Begin PBXCopyFilesBuildPhase section */
		624991FD2952EC2B0054F405 /* CopyFiles */ = {
			isa = PBXCopyFilesBuildPhase;
			buildActionMask = 2147483647;
			dstPath = /usr/share/man/man1/;
			dstSubfolderSpec = 0;
			files = (
			);
			runOnlyForDeploymentPostprocessing = 1;
		};
		C7A29CF62551372B00CAC77A /* CopyFiles */ = {
			isa = PBXCopyFilesBuildPhase;
			buildActionMask = 2147483647;
			dstPath = /usr/share/man/man1/;
			dstSubfolderSpec = 0;
			files = (
			);
			runOnlyForDeploymentPostprocessing = 1;
		};
/* End PBXCopyFilesBuildPhase section */

/* Begin PBXFileReference section */
		624991FF2952EC2B0054F405 /* step2 */ = {isa = PBXFileReference; explicitFileType = "compiled.mach-o.executable"; includeInIndex = 0; path = step2; sourceTree = BUILT_PRODUCTS_DIR; };
		624992062955AA320054F405 /* validateFunction.swift */ = {isa = PBXFileReference; lastKnownFileType = sourcecode.swift; path = validateFunction.swift; sourceTree = "<group>"; };
		6249920A2955ED820054F405 /* gameCheckFunction.swift */ = {isa = PBXFileReference; lastKnownFileType = sourcecode.swift; path = gameCheckFunction.swift; sourceTree = "<group>"; };
		6249920C2955F0CB0054F405 /* userInputFunction.swift */ = {isa = PBXFileReference; lastKnownFileType = sourcecode.swift; path = userInputFunction.swift; sourceTree = "<group>"; };
		C7A29CF82551372B00CAC77A /* NumberBaseball */ = {isa = PBXFileReference; explicitFileType = "compiled.mach-o.executable"; includeInIndex = 0; path = NumberBaseball; sourceTree = BUILT_PRODUCTS_DIR; };
		C7A29CFB2551372B00CAC77A /* main.swift */ = {isa = PBXFileReference; lastKnownFileType = sourcecode.swift; path = main.swift; sourceTree = "<group>"; };
/* End PBXFileReference section */

/* Begin PBXFrameworksBuildPhase section */
		624991FC2952EC2B0054F405 /* Frameworks */ = {
			isa = PBXFrameworksBuildPhase;
			buildActionMask = 2147483647;
			files = (
			);
			runOnlyForDeploymentPostprocessing = 0;
		};
		C7A29CF52551372B00CAC77A /* Frameworks */ = {
			isa = PBXFrameworksBuildPhase;
			buildActionMask = 2147483647;
			files = (
			);
			runOnlyForDeploymentPostprocessing = 0;
		};
/* End PBXFrameworksBuildPhase section */

/* Begin PBXGroup section */
		C7A29CEF2551372B00CAC77A = {
			isa = PBXGroup;
			children = (
				C7A29CFA2551372B00CAC77A /* NumberBaseball */,
				C7A29CF92551372B00CAC77A /* Products */,
			);
			sourceTree = "<group>";
		};
		C7A29CF92551372B00CAC77A /* Products */ = {
			isa = PBXGroup;
			children = (
				C7A29CF82551372B00CAC77A /* NumberBaseball */,
				624991FF2952EC2B0054F405 /* step2 */,
			);
			name = Products;
			sourceTree = "<group>";
		};
		C7A29CFA2551372B00CAC77A /* NumberBaseball */ = {
			isa = PBXGroup;
			children = (
				C7A29CFB2551372B00CAC77A /* main.swift */,
				624992062955AA320054F405 /* validateFunction.swift */,
				6249920A2955ED820054F405 /* gameCheckFunction.swift */,
				6249920C2955F0CB0054F405 /* userInputFunction.swift */,
			);
			path = NumberBaseball;
			sourceTree = "<group>";
		};
/* End PBXGroup section */

/* Begin PBXNativeTarget section */
		624991FE2952EC2B0054F405 /* step2 */ = {
			isa = PBXNativeTarget;
			buildConfigurationList = 624992052952EC2B0054F405 /* Build configuration list for PBXNativeTarget "step2" */;
			buildPhases = (
				624991FB2952EC2B0054F405 /* Sources */,
				624991FC2952EC2B0054F405 /* Frameworks */,
				624991FD2952EC2B0054F405 /* CopyFiles */,
			);
			buildRules = (
			);
			dependencies = (
			);
			name = step2;
			productName = step2;
			productReference = 624991FF2952EC2B0054F405 /* step2 */;
			productType = "com.apple.product-type.tool";
		};
		C7A29CF72551372B00CAC77A /* NumberBaseball */ = {
			isa = PBXNativeTarget;
			buildConfigurationList = C7A29CFF2551372B00CAC77A /* Build configuration list for PBXNativeTarget "NumberBaseball" */;
			buildPhases = (
				C7A29CF42551372B00CAC77A /* Sources */,
				C7A29CF52551372B00CAC77A /* Frameworks */,
				C7A29CF62551372B00CAC77A /* CopyFiles */,
			);
			buildRules = (
			);
			dependencies = (
			);
			name = NumberBaseball;
			productName = NumberBaseball;
			productReference = C7A29CF82551372B00CAC77A /* NumberBaseball */;
			productType = "com.apple.product-type.tool";
		};
/* End PBXNativeTarget section */

/* Begin PBXProject section */
		C7A29CF02551372B00CAC77A /* Project object */ = {
			isa = PBXProject;
			attributes = {
				LastSwiftUpdateCheck = 1410;
				LastUpgradeCheck = 1210;
				TargetAttributes = {
					624991FE2952EC2B0054F405 = {
						CreatedOnToolsVersion = 14.1;
					};
					C7A29CF72551372B00CAC77A = {
						CreatedOnToolsVersion = 12.1;
					};
				};
			};
			buildConfigurationList = C7A29CF32551372B00CAC77A /* Build configuration list for PBXProject "NumberBaseball" */;
			compatibilityVersion = "Xcode 9.3";
			developmentRegion = en;
			hasScannedForEncodings = 0;
			knownRegions = (
				en,
				Base,
			);
			mainGroup = C7A29CEF2551372B00CAC77A;
			productRefGroup = C7A29CF92551372B00CAC77A /* Products */;
			projectDirPath = "";
			projectRoot = "";
			targets = (
				C7A29CF72551372B00CAC77A /* NumberBaseball */,
				624991FE2952EC2B0054F405 /* step2 */,
			);
		};
/* End PBXProject section */

/* Begin PBXSourcesBuildPhase section */
		624991FB2952EC2B0054F405 /* Sources */ = {
			isa = PBXSourcesBuildPhase;
			buildActionMask = 2147483647;
			files = (
			);
			runOnlyForDeploymentPostprocessing = 0;
		};
		C7A29CF42551372B00CAC77A /* Sources */ = {
			isa = PBXSourcesBuildPhase;
			buildActionMask = 2147483647;
			files = (
				6249920B2955ED820054F405 /* gameCheckFunction.swift in Sources */,
				C7A29CFC2551372B00CAC77A /* main.swift in Sources */,
				624992072955AA320054F405 /* validateFunction.swift in Sources */,
				6249920D2955F0CB0054F405 /* userInputFunction.swift in Sources */,
			);
			runOnlyForDeploymentPostprocessing = 0;
		};
/* End PBXSourcesBuildPhase section */

/* Begin XCBuildConfiguration section */
		624992032952EC2B0054F405 /* Debug */ = {
			isa = XCBuildConfiguration;
			buildSettings = {
				CLANG_CXX_LANGUAGE_STANDARD = "gnu++20";
				CODE_SIGN_STYLE = Automatic;
				DEVELOPMENT_TEAM = ANQMFHY9YH;
				ENABLE_HARDENED_RUNTIME = YES;
				MACOSX_DEPLOYMENT_TARGET = 13.0;
				PRODUCT_NAME = "$(TARGET_NAME)";
				SWIFT_VERSION = 5.0;
			};
			name = Debug;
		};
		624992042952EC2B0054F405 /* Release */ = {
			isa = XCBuildConfiguration;
			buildSettings = {
				CLANG_CXX_LANGUAGE_STANDARD = "gnu++20";
				CODE_SIGN_STYLE = Automatic;
				DEVELOPMENT_TEAM = ANQMFHY9YH;
				ENABLE_HARDENED_RUNTIME = YES;
				MACOSX_DEPLOYMENT_TARGET = 13.0;
				PRODUCT_NAME = "$(TARGET_NAME)";
				SWIFT_VERSION = 5.0;
			};
			name = Release;
		};
		C7A29CFD2551372B00CAC77A /* Debug */ = {
			isa = XCBuildConfiguration;
			buildSettings = {
				ALWAYS_SEARCH_USER_PATHS = NO;
				CLANG_ANALYZER_NONNULL = YES;
				CLANG_ANALYZER_NUMBER_OBJECT_CONVERSION = YES_AGGRESSIVE;
				CLANG_CXX_LANGUAGE_STANDARD = "gnu++14";
				CLANG_CXX_LIBRARY = "libc++";
				CLANG_ENABLE_MODULES = YES;
				CLANG_ENABLE_OBJC_ARC = YES;
				CLANG_ENABLE_OBJC_WEAK = YES;
				CLANG_WARN_BLOCK_CAPTURE_AUTORELEASING = YES;
				CLANG_WARN_BOOL_CONVERSION = YES;
				CLANG_WARN_COMMA = YES;
				CLANG_WARN_CONSTANT_CONVERSION = YES;
				CLANG_WARN_DEPRECATED_OBJC_IMPLEMENTATIONS = YES;
				CLANG_WARN_DIRECT_OBJC_ISA_USAGE = YES_ERROR;
				CLANG_WARN_DOCUMENTATION_COMMENTS = YES;
				CLANG_WARN_EMPTY_BODY = YES;
				CLANG_WARN_ENUM_CONVERSION = YES;
				CLANG_WARN_INFINITE_RECURSION = YES;
				CLANG_WARN_INT_CONVERSION = YES;
				CLANG_WARN_NON_LITERAL_NULL_CONVERSION = YES;
				CLANG_WARN_OBJC_IMPLICIT_RETAIN_SELF = YES;
				CLANG_WARN_OBJC_LITERAL_CONVERSION = YES;
				CLANG_WARN_OBJC_ROOT_CLASS = YES_ERROR;
				CLANG_WARN_QUOTED_INCLUDE_IN_FRAMEWORK_HEADER = YES;
				CLANG_WARN_RANGE_LOOP_ANALYSIS = YES;
				CLANG_WARN_STRICT_PROTOTYPES = YES;
				CLANG_WARN_SUSPICIOUS_MOVE = YES;
				CLANG_WARN_UNGUARDED_AVAILABILITY = YES_AGGRESSIVE;
				CLANG_WARN_UNREACHABLE_CODE = YES;
				CLANG_WARN__DUPLICATE_METHOD_MATCH = YES;
				COPY_PHASE_STRIP = NO;
				DEBUG_INFORMATION_FORMAT = dwarf;
				ENABLE_STRICT_OBJC_MSGSEND = YES;
				ENABLE_TESTABILITY = YES;
				GCC_C_LANGUAGE_STANDARD = gnu11;
				GCC_DYNAMIC_NO_PIC = NO;
				GCC_NO_COMMON_BLOCKS = YES;
				GCC_OPTIMIZATION_LEVEL = 0;
				GCC_PREPROCESSOR_DEFINITIONS = (
					"DEBUG=1",
					"$(inherited)",
				);
				GCC_WARN_64_TO_32_BIT_CONVERSION = YES;
				GCC_WARN_ABOUT_RETURN_TYPE = YES_ERROR;
				GCC_WARN_UNDECLARED_SELECTOR = YES;
				GCC_WARN_UNINITIALIZED_AUTOS = YES_AGGRESSIVE;
				GCC_WARN_UNUSED_FUNCTION = YES;
				GCC_WARN_UNUSED_VARIABLE = YES;
				MACOSX_DEPLOYMENT_TARGET = 10.15;
				MTL_ENABLE_DEBUG_INFO = INCLUDE_SOURCE;
				MTL_FAST_MATH = YES;
				ONLY_ACTIVE_ARCH = YES;
				SDKROOT = macosx;
				SWIFT_ACTIVE_COMPILATION_CONDITIONS = DEBUG;
				SWIFT_OPTIMIZATION_LEVEL = "-Onone";
			};
			name = Debug;
		};
		C7A29CFE2551372B00CAC77A /* Release */ = {
			isa = XCBuildConfiguration;
			buildSettings = {
				ALWAYS_SEARCH_USER_PATHS = NO;
				CLANG_ANALYZER_NONNULL = YES;
				CLANG_ANALYZER_NUMBER_OBJECT_CONVERSION = YES_AGGRESSIVE;
				CLANG_CXX_LANGUAGE_STANDARD = "gnu++14";
				CLANG_CXX_LIBRARY = "libc++";
				CLANG_ENABLE_MODULES = YES;
				CLANG_ENABLE_OBJC_ARC = YES;
				CLANG_ENABLE_OBJC_WEAK = YES;
				CLANG_WARN_BLOCK_CAPTURE_AUTORELEASING = YES;
				CLANG_WARN_BOOL_CONVERSION = YES;
				CLANG_WARN_COMMA = YES;
				CLANG_WARN_CONSTANT_CONVERSION = YES;
				CLANG_WARN_DEPRECATED_OBJC_IMPLEMENTATIONS = YES;
				CLANG_WARN_DIRECT_OBJC_ISA_USAGE = YES_ERROR;
				CLANG_WARN_DOCUMENTATION_COMMENTS = YES;
				CLANG_WARN_EMPTY_BODY = YES;
				CLANG_WARN_ENUM_CONVERSION = YES;
				CLANG_WARN_INFINITE_RECURSION = YES;
				CLANG_WARN_INT_CONVERSION = YES;
				CLANG_WARN_NON_LITERAL_NULL_CONVERSION = YES;
				CLANG_WARN_OBJC_IMPLICIT_RETAIN_SELF = YES;
				CLANG_WARN_OBJC_LITERAL_CONVERSION = YES;
				CLANG_WARN_OBJC_ROOT_CLASS = YES_ERROR;
				CLANG_WARN_QUOTED_INCLUDE_IN_FRAMEWORK_HEADER = YES;
				CLANG_WARN_RANGE_LOOP_ANALYSIS = YES;
				CLANG_WARN_STRICT_PROTOTYPES = YES;
				CLANG_WARN_SUSPICIOUS_MOVE = YES;
				CLANG_WARN_UNGUARDED_AVAILABILITY = YES_AGGRESSIVE;
				CLANG_WARN_UNREACHABLE_CODE = YES;
				CLANG_WARN__DUPLICATE_METHOD_MATCH = YES;
				COPY_PHASE_STRIP = NO;
				DEBUG_INFORMATION_FORMAT = "dwarf-with-dsym";
				ENABLE_NS_ASSERTIONS = NO;
				ENABLE_STRICT_OBJC_MSGSEND = YES;
				GCC_C_LANGUAGE_STANDARD = gnu11;
				GCC_NO_COMMON_BLOCKS = YES;
				GCC_WARN_64_TO_32_BIT_CONVERSION = YES;
				GCC_WARN_ABOUT_RETURN_TYPE = YES_ERROR;
				GCC_WARN_UNDECLARED_SELECTOR = YES;
				GCC_WARN_UNINITIALIZED_AUTOS = YES_AGGRESSIVE;
				GCC_WARN_UNUSED_FUNCTION = YES;
				GCC_WARN_UNUSED_VARIABLE = YES;
				MACOSX_DEPLOYMENT_TARGET = 10.15;
				MTL_ENABLE_DEBUG_INFO = NO;
				MTL_FAST_MATH = YES;
				SDKROOT = macosx;
				SWIFT_COMPILATION_MODE = wholemodule;
				SWIFT_OPTIMIZATION_LEVEL = "-O";
			};
			name = Release;
		};
		C7A29D002551372B00CAC77A /* Debug */ = {
			isa = XCBuildConfiguration;
			buildSettings = {
				CODE_SIGN_STYLE = Automatic;
				PRODUCT_NAME = "$(TARGET_NAME)";
				SWIFT_VERSION = 5.0;
			};
			name = Debug;
		};
		C7A29D012551372B00CAC77A /* Release */ = {
			isa = XCBuildConfiguration;
			buildSettings = {
				CODE_SIGN_STYLE = Automatic;
				PRODUCT_NAME = "$(TARGET_NAME)";
				SWIFT_VERSION = 5.0;
			};
			name = Release;
		};
/* End XCBuildConfiguration section */

/* Begin XCConfigurationList section */
		624992052952EC2B0054F405 /* Build configuration list for PBXNativeTarget "step2" */ = {
			isa = XCConfigurationList;
			buildConfigurations = (
				624992032952EC2B0054F405 /* Debug */,
				624992042952EC2B0054F405 /* Release */,
			);
			defaultConfigurationIsVisible = 0;
			defaultConfigurationName = Release;
		};
		C7A29CF32551372B00CAC77A /* Build configuration list for PBXProject "NumberBaseball" */ = {
			isa = XCConfigurationList;
			buildConfigurations = (
				C7A29CFD2551372B00CAC77A /* Debug */,
				C7A29CFE2551372B00CAC77A /* Release */,
			);
			defaultConfigurationIsVisible = 0;
			defaultConfigurationName = Release;
		};
		C7A29CFF2551372B00CAC77A /* Build configuration list for PBXNativeTarget "NumberBaseball" */ = {
			isa = XCConfigurationList;
			buildConfigurations = (
				C7A29D002551372B00CAC77A /* Debug */,
				C7A29D012551372B00CAC77A /* Release */,
			);
			defaultConfigurationIsVisible = 0;
			defaultConfigurationName = Release;
		};
/* End XCConfigurationList section */
	};
	rootObject = C7A29CF02551372B00CAC77A /* Project object */;
}
